
Microsoft Visual Studio Solution File, Format Version 12.00
# Visual Studio 15
VisualStudioVersion = 15.0.27703.2035
MinimumVisualStudioVersion = 10.0.40219.1
Project("{FAE04EC0-301F-11D3-BF4B-00C04F79EFBC}") = "ConfigureDevicePara", "ConfigureDevicePara\ConfigureDevicePara.csproj", "{EF146C47-4134-4BA6-AAA6-8B0B9C6827DF}"
EndProject
Global
	GlobalSection(SolutionConfigurationPlatforms) = preSolution
		Debug|Any CPU = Debug|Any CPU
		Release|Any CPU = Release|Any CPU
	EndGlobalSection
	GlobalSection(ProjectConfigurationPlatforms) = postSolution
		{EF146C47-4134-4BA6-AAA6-8B0B9C6827DF}.Debug|Any CPU.ActiveCfg = Debug|Any CPU
		{EF146C47-4134-4BA6-AAA6-8B0B9C6827DF}.Debug|Any CPU.Build.0 = Debug|Any CPU
		{EF146C47-4134-4BA6-AAA6-8B0B9C6827DF}.Release|Any CPU.ActiveCfg = Release|Any CPU
		{EF146C47-4134-4BA6-AAA6-8B0B9C6827DF}.Release|Any CPU.Build.0 = Release|Any CPU
	EndGlobalSection
	GlobalSection(SolutionProperties) = preSolution
		HideSolutionNode = FALSE
	EndGlobalSection
	GlobalSection(ExtensibilityGlobals) = postSolution
		SolutionGuid = {12751AB6-8BD8-4B17-95ED-C0205725F60B}
	EndGlobalSection
EndGlobal
